
Microsoft Visual Studio Solution File, Format Version 12.00
# Visual Studio 15
VisualStudioVersion = 15.0.28010.2046
MinimumVisualStudioVersion = 10.0.40219.1
Project("{FAE04EC0-301F-11D3-BF4B-00C04F79EFBC}") = "Ofu.Services", "Ofu.Services\Ofu.Services.csproj", "{9072F59D-B905-471B-9578-3185617474E1}"
EndProject
Global
	GlobalSection(SolutionConfigurationPlatforms) = preSolution
		Debug|Any CPU = Debug|Any CPU
		Release|Any CPU = Release|Any CPU
	EndGlobalSection
	GlobalSection(ProjectConfigurationPlatforms) = postSolution
		{9072F59D-B905-471B-9578-3185617474E1}.Debug|Any CPU.ActiveCfg = Debug|Any CPU
		{9072F59D-B905-471B-9578-3185617474E1}.Debug|Any CPU.Build.0 = Debug|Any CPU
		{9072F59D-B905-471B-9578-3185617474E1}.Release|Any CPU.ActiveCfg = Release|Any CPU
		{9072F59D-B905-471B-9578-3185617474E1}.Release|Any CPU.Build.0 = Release|Any CPU
	EndGlobalSection
	GlobalSection(SolutionProperties) = preSolution
		HideSolutionNode = FALSE
	EndGlobalSection
	GlobalSection(ExtensibilityGlobals) = postSolution
		SolutionGuid = {1AA555A5-DEA2-45E5-AA62-D77F569C486F}
	EndGlobalSection
EndGlobal
